
Microsoft Visual Studio Solution File, Format Version 12.00
# Visual Studio 15
VisualStudioVersion = 15.0.27428.2037
MinimumVisualStudioVersion = 10.0.40219.1
Project("{8BC9CEB8-8B4A-11D0-8D11-00A0C91BC942}") = "Snake_Tema_ASD_II", "Snake_Tema_ASD_II\Snake_Tema_ASD_II.vcxproj", "{C617CC98-E4E4-43FB-9C3B-3917BA662997}"
EndProject
Global
	GlobalSection(SolutionConfigurationPlatforms) = preSolution
		Debug|x64 = Debug|x64
		Debug|x86 = Debug|x86
		Release|x64 = Release|x64
		Release|x86 = Release|x86
	EndGlobalSection
	GlobalSection(ProjectConfigurationPlatforms) = postSolution
		{C617CC98-E4E4-43FB-9C3B-3917BA662997}.Debug|x64.ActiveCfg = Debug|x64
		{C617CC98-E4E4-43FB-9C3B-3917BA662997}.Debug|x64.Build.0 = Debug|x64
		{C617CC98-E4E4-43FB-9C3B-3917BA662997}.Debug|x86.ActiveCfg = Debug|Win32
		{C617CC98-E4E4-43FB-9C3B-3917BA662997}.Debug|x86.Build.0 = Debug|Win32
		{C617CC98-E4E4-43FB-9C3B-3917BA662997}.Release|x64.ActiveCfg = Release|x64
		{C617CC98-E4E4-43FB-9C3B-3917BA662997}.Release|x64.Build.0 = Release|x64
		{C617CC98-E4E4-43FB-9C3B-3917BA662997}.Release|x86.ActiveCfg = Release|Win32
		{C617CC98-E4E4-43FB-9C3B-3917BA662997}.Release|x86.Build.0 = Release|Win32
	EndGlobalSection
	GlobalSection(SolutionProperties) = preSolution
		HideSolutionNode = FALSE
	EndGlobalSection
	GlobalSection(ExtensibilityGlobals) = postSolution
		SolutionGuid = {2B6DDA91-2159-4A58-A77D-4452D6802DAE}
	EndGlobalSection
EndGlobal
